// !$*UTF8*$!
{
	archiveVersion = 1;
	classes = {
	};
	objectVersion = 56;
	objects = {

/* Begin PBXBuildFile section */
		CB0DC7672B946C2A00DB0A8C /* FitFlexerApp.swift in Sources */ = {isa = PBXBuildFile; fileRef = CB0DC7662B946C2A00DB0A8C /* FitFlexerApp.swift */; };
		CB0DC76B2B946C2B00DB0A8C /* Assets.xcassets in Resources */ = {isa = PBXBuildFile; fileRef = CB0DC76A2B946C2B00DB0A8C /* Assets.xcassets */; };
		CB0DC76E2B946C2B00DB0A8C /* Preview Assets.xcassets in Resources */ = {isa = PBXBuildFile; fileRef = CB0DC76D2B946C2B00DB0A8C /* Preview Assets.xcassets */; };
		CB0DC7782B946C2B00DB0A8C /* FitFlexerTests.swift in Sources */ = {isa = PBXBuildFile; fileRef = CB0DC7772B946C2B00DB0A8C /* FitFlexerTests.swift */; };
		CB0DC7822B946C2B00DB0A8C /* FitFlexerUITests.swift in Sources */ = {isa = PBXBuildFile; fileRef = CB0DC7812B946C2B00DB0A8C /* FitFlexerUITests.swift */; };
		CB0DC7842B946C2B00DB0A8C /* FitFlexerUITestsLaunchTests.swift in Sources */ = {isa = PBXBuildFile; fileRef = CB0DC7832B946C2B00DB0A8C /* FitFlexerUITestsLaunchTests.swift */; };
		CB0DC7912B95450700DB0A8C /* MainInterface.swift in Sources */ = {isa = PBXBuildFile; fileRef = CB0DC7902B95450700DB0A8C /* MainInterface.swift */; };
		CB0DC7952B95473F00DB0A8C /* OverViewComponent.swift in Sources */ = {isa = PBXBuildFile; fileRef = CB0DC7942B95473F00DB0A8C /* OverViewComponent.swift */; };
		CB0DC7972B9581AB00DB0A8C /* Constants.swift in Sources */ = {isa = PBXBuildFile; fileRef = CB0DC7962B9581AB00DB0A8C /* Constants.swift */; };
		CB0DC79B2B9590B800DB0A8C /* RoundedCornerShapeExtensions.swift in Sources */ = {isa = PBXBuildFile; fileRef = CB0DC79A2B9590B800DB0A8C /* RoundedCornerShapeExtensions.swift */; };
		CB396C792BABE23A002824B9 /* GoogleService-Info.plist in Resources */ = {isa = PBXBuildFile; fileRef = CB396C782BABE23A002824B9 /* GoogleService-Info.plist */; };
		CB396C7A2BABE23A002824B9 /* GoogleService-Info.plist in Resources */ = {isa = PBXBuildFile; fileRef = CB396C782BABE23A002824B9 /* GoogleService-Info.plist */; };
		CB396C7B2BABE23A002824B9 /* GoogleService-Info.plist in Resources */ = {isa = PBXBuildFile; fileRef = CB396C782BABE23A002824B9 /* GoogleService-Info.plist */; };
		CB65384B2BAAAF290097DBAF /* ExerciseModel.swift in Sources */ = {isa = PBXBuildFile; fileRef = CB65384A2BAAAF290097DBAF /* ExerciseModel.swift */; };
		CB6538572BAAC06B0097DBAF /* GenericDataModel.swift in Sources */ = {isa = PBXBuildFile; fileRef = CB6538562BAAC06B0097DBAF /* GenericDataModel.swift */; };
		CB65385B2BABA5E50097DBAF /* UserModel.swift in Sources */ = {isa = PBXBuildFile; fileRef = CB65385A2BABA5E50097DBAF /* UserModel.swift */; };
		CB77F2AD2B978356004722FC /* PoundsTimeIntervalSelectionView.swift in Sources */ = {isa = PBXBuildFile; fileRef = CB77F2AC2B978356004722FC /* PoundsTimeIntervalSelectionView.swift */; };
		CB77F2B02B978518004722FC /* PoundsTimeIntervalModel.swift in Sources */ = {isa = PBXBuildFile; fileRef = CB77F2AF2B978518004722FC /* PoundsTimeIntervalModel.swift */; };
		CB7CE6B62B9EE09300235DB1 /* ChartDataView.swift in Sources */ = {isa = PBXBuildFile; fileRef = CB7CE6B52B9EE09300235DB1 /* ChartDataView.swift */; };
		CB7CE6B82B9EE6E300235DB1 /* DataModel.swift in Sources */ = {isa = PBXBuildFile; fileRef = CB7CE6B72B9EE6E300235DB1 /* DataModel.swift */; };
		CB7CE6BC2BA189FB00235DB1 /* ChartModule.swift in Sources */ = {isa = PBXBuildFile; fileRef = CB7CE6BB2BA189FB00235DB1 /* ChartModule.swift */; };
		CB7CE6BE2BA3A34200235DB1 /* Header.swift in Sources */ = {isa = PBXBuildFile; fileRef = CB7CE6BD2BA3A34200235DB1 /* Header.swift */; };
		CB7CE6C22BA400FC00235DB1 /* WorkoutVIew.swift in Sources */ = {isa = PBXBuildFile; fileRef = CB7CE6C12BA400FC00235DB1 /* WorkoutVIew.swift */; };
		CB7CE6C42BA41AC900235DB1 /* WorkoutViewHeader.swift in Sources */ = {isa = PBXBuildFile; fileRef = CB7CE6C32BA41AC900235DB1 /* WorkoutViewHeader.swift */; };
		CB8BE5072B9A59E000958B51 /* myDivider.swift in Sources */ = {isa = PBXBuildFile; fileRef = CB8BE5062B9A59E000958B51 /* myDivider.swift */; };
		CBCB49472BA5926D00DA7AB4 /* WorkoutModel.swift in Sources */ = {isa = PBXBuildFile; fileRef = CBCB49462BA5926D00DA7AB4 /* WorkoutModel.swift */; };
		CBCB49492BA5927700DA7AB4 /* RoutineModel.swift in Sources */ = {isa = PBXBuildFile; fileRef = CBCB49482BA5927700DA7AB4 /* RoutineModel.swift */; };
/* End PBXBuildFile section */

/* Begin PBXContainerItemProxy section */
		CB0DC7742B946C2B00DB0A8C /* PBXContainerItemProxy */ = {
			isa = PBXContainerItemProxy;
			containerPortal = CB0DC75B2B946C2900DB0A8C /* Project object */;
			proxyType = 1;
			remoteGlobalIDString = CB0DC7622B946C2A00DB0A8C;
			remoteInfo = FitFlexer;
		};
		CB0DC77E2B946C2B00DB0A8C /* PBXContainerItemProxy */ = {
			isa = PBXContainerItemProxy;
			containerPortal = CB0DC75B2B946C2900DB0A8C /* Project object */;
			proxyType = 1;
			remoteGlobalIDString = CB0DC7622B946C2A00DB0A8C;
			remoteInfo = FitFlexer;
		};
/* End PBXContainerItemProxy section */

/* Begin PBXFileReference section */
		CB0DC7632B946C2A00DB0A8C /* FitFlexer.app */ = {isa = PBXFileReference; explicitFileType = wrapper.application; includeInIndex = 0; path = FitFlexer.app; sourceTree = BUILT_PRODUCTS_DIR; };
		CB0DC7662B946C2A00DB0A8C /* FitFlexerApp.swift */ = {isa = PBXFileReference; lastKnownFileType = sourcecode.swift; path = FitFlexerApp.swift; sourceTree = "<group>"; };
		CB0DC76A2B946C2B00DB0A8C /* Assets.xcassets */ = {isa = PBXFileReference; lastKnownFileType = folder.assetcatalog; path = Assets.xcassets; sourceTree = "<group>"; };
		CB0DC76D2B946C2B00DB0A8C /* Preview Assets.xcassets */ = {isa = PBXFileReference; lastKnownFileType = folder.assetcatalog; path = "Preview Assets.xcassets"; sourceTree = "<group>"; };
		CB0DC7732B946C2B00DB0A8C /* FitFlexerTests.xctest */ = {isa = PBXFileReference; explicitFileType = wrapper.cfbundle; includeInIndex = 0; path = FitFlexerTests.xctest; sourceTree = BUILT_PRODUCTS_DIR; };
		CB0DC7772B946C2B00DB0A8C /* FitFlexerTests.swift */ = {isa = PBXFileReference; lastKnownFileType = sourcecode.swift; path = FitFlexerTests.swift; sourceTree = "<group>"; };
		CB0DC77D2B946C2B00DB0A8C /* FitFlexerUITests.xctest */ = {isa = PBXFileReference; explicitFileType = wrapper.cfbundle; includeInIndex = 0; path = FitFlexerUITests.xctest; sourceTree = BUILT_PRODUCTS_DIR; };
		CB0DC7812B946C2B00DB0A8C /* FitFlexerUITests.swift */ = {isa = PBXFileReference; lastKnownFileType = sourcecode.swift; path = FitFlexerUITests.swift; sourceTree = "<group>"; };
		CB0DC7832B946C2B00DB0A8C /* FitFlexerUITestsLaunchTests.swift */ = {isa = PBXFileReference; lastKnownFileType = sourcecode.swift; path = FitFlexerUITestsLaunchTests.swift; sourceTree = "<group>"; };
		CB0DC7902B95450700DB0A8C /* MainInterface.swift */ = {isa = PBXFileReference; lastKnownFileType = sourcecode.swift; path = MainInterface.swift; sourceTree = "<group>"; };
		CB0DC7942B95473F00DB0A8C /* OverViewComponent.swift */ = {isa = PBXFileReference; lastKnownFileType = sourcecode.swift; path = OverViewComponent.swift; sourceTree = "<group>"; };
		CB0DC7962B9581AB00DB0A8C /* Constants.swift */ = {isa = PBXFileReference; lastKnownFileType = sourcecode.swift; path = Constants.swift; sourceTree = "<group>"; };
		CB0DC79A2B9590B800DB0A8C /* RoundedCornerShapeExtensions.swift */ = {isa = PBXFileReference; lastKnownFileType = sourcecode.swift; path = RoundedCornerShapeExtensions.swift; sourceTree = "<group>"; };
		CB396C782BABE23A002824B9 /* GoogleService-Info.plist */ = {isa = PBXFileReference; fileEncoding = 4; lastKnownFileType = text.plist.xml; path = "GoogleService-Info.plist"; sourceTree = "<group>"; };
		CB65384A2BAAAF290097DBAF /* ExerciseModel.swift */ = {isa = PBXFileReference; lastKnownFileType = sourcecode.swift; path = ExerciseModel.swift; sourceTree = "<group>"; };
		CB6538552BAAB93A0097DBAF /* WorkoutRoutineDataReadMe.md */ = {isa = PBXFileReference; lastKnownFileType = net.daringfireball.markdown; path = WorkoutRoutineDataReadMe.md; sourceTree = "<group>"; };
		CB6538562BAAC06B0097DBAF /* GenericDataModel.swift */ = {isa = PBXFileReference; lastKnownFileType = sourcecode.swift; path = GenericDataModel.swift; sourceTree = "<group>"; };
		CB65385A2BABA5E50097DBAF /* UserModel.swift */ = {isa = PBXFileReference; lastKnownFileType = sourcecode.swift; path = UserModel.swift; sourceTree = "<group>"; };
		CB77F2AC2B978356004722FC /* PoundsTimeIntervalSelectionView.swift */ = {isa = PBXFileReference; lastKnownFileType = sourcecode.swift; path = PoundsTimeIntervalSelectionView.swift; sourceTree = "<group>"; };
		CB77F2AF2B978518004722FC /* PoundsTimeIntervalModel.swift */ = {isa = PBXFileReference; lastKnownFileType = sourcecode.swift; path = PoundsTimeIntervalModel.swift; sourceTree = "<group>"; };
		CB7CE6B52B9EE09300235DB1 /* ChartDataView.swift */ = {isa = PBXFileReference; lastKnownFileType = sourcecode.swift; path = ChartDataView.swift; sourceTree = "<group>"; };
		CB7CE6B72B9EE6E300235DB1 /* DataModel.swift */ = {isa = PBXFileReference; lastKnownFileType = sourcecode.swift; path = DataModel.swift; sourceTree = "<group>"; };
		CB7CE6BB2BA189FB00235DB1 /* ChartModule.swift */ = {isa = PBXFileReference; lastKnownFileType = sourcecode.swift; path = ChartModule.swift; sourceTree = "<group>"; };
		CB7CE6BD2BA3A34200235DB1 /* Header.swift */ = {isa = PBXFileReference; lastKnownFileType = sourcecode.swift; path = Header.swift; sourceTree = "<group>"; };
		CB7CE6C12BA400FC00235DB1 /* WorkoutVIew.swift */ = {isa = PBXFileReference; lastKnownFileType = sourcecode.swift; path = WorkoutVIew.swift; sourceTree = "<group>"; };
		CB7CE6C32BA41AC900235DB1 /* WorkoutViewHeader.swift */ = {isa = PBXFileReference; lastKnownFileType = sourcecode.swift; path = WorkoutViewHeader.swift; sourceTree = "<group>"; };
		CB8BE5062B9A59E000958B51 /* myDivider.swift */ = {isa = PBXFileReference; lastKnownFileType = sourcecode.swift; path = myDivider.swift; sourceTree = "<group>"; };
		CBCB49462BA5926D00DA7AB4 /* WorkoutModel.swift */ = {isa = PBXFileReference; lastKnownFileType = sourcecode.swift; path = WorkoutModel.swift; sourceTree = "<group>"; };
		CBCB49482BA5927700DA7AB4 /* RoutineModel.swift */ = {isa = PBXFileReference; lastKnownFileType = sourcecode.swift; path = RoutineModel.swift; sourceTree = "<group>"; };
/* End PBXFileReference section */

/* Begin PBXFrameworksBuildPhase section */
		CB0DC7602B946C2A00DB0A8C /* Frameworks */ = {
			isa = PBXFrameworksBuildPhase;
			buildActionMask = 2147483647;
			files = (
			);
			runOnlyForDeploymentPostprocessing = 0;
		};
		CB0DC7702B946C2B00DB0A8C /* Frameworks */ = {
			isa = PBXFrameworksBuildPhase;
			buildActionMask = 2147483647;
			files = (
			);
			runOnlyForDeploymentPostprocessing = 0;
		};
		CB0DC77A2B946C2B00DB0A8C /* Frameworks */ = {
			isa = PBXFrameworksBuildPhase;
			buildActionMask = 2147483647;
			files = (
			);
			runOnlyForDeploymentPostprocessing = 0;
		};
/* End PBXFrameworksBuildPhase section */

/* Begin PBXGroup section */
		CB0DC75A2B946C2900DB0A8C = {
			isa = PBXGroup;
			children = (
				CB396C782BABE23A002824B9 /* GoogleService-Info.plist */,
				CB0DC7652B946C2A00DB0A8C /* FitFlexer */,
				CB0DC7762B946C2B00DB0A8C /* FitFlexerTests */,
				CB0DC7802B946C2B00DB0A8C /* FitFlexerUITests */,
				CB0DC7642B946C2A00DB0A8C /* Products */,
			);
			sourceTree = "<group>";
		};
		CB0DC7642B946C2A00DB0A8C /* Products */ = {
			isa = PBXGroup;
			children = (
				CB0DC7632B946C2A00DB0A8C /* FitFlexer.app */,
				CB0DC7732B946C2B00DB0A8C /* FitFlexerTests.xctest */,
				CB0DC77D2B946C2B00DB0A8C /* FitFlexerUITests.xctest */,
			);
			name = Products;
			sourceTree = "<group>";
		};
		CB0DC7652B946C2A00DB0A8C /* FitFlexer */ = {
			isa = PBXGroup;
			children = (
				CB6538592BABA5D90097DBAF /* UserModel */,
				CB0DC7662B946C2A00DB0A8C /* FitFlexerApp.swift */,
				CB6538582BAB962A0097DBAF /* ViewAssets */,
				CB7CE6B42B9EE03800235DB1 /* ChartView */,
				CBCB49452BA5924D00DA7AB4 /* WorkoutRoutineDataModles */,
				CB7CE6C02BA3FFCC00235DB1 /* WorkoutView */,
				CB0DC7922B95462400DB0A8C /* MainInterface */,
				CB0DC76A2B946C2B00DB0A8C /* Assets.xcassets */,
				CB0DC76C2B946C2B00DB0A8C /* Preview Content */,
			);
			path = FitFlexer;
			sourceTree = "<group>";
		};
		CB0DC76C2B946C2B00DB0A8C /* Preview Content */ = {
			isa = PBXGroup;
			children = (
				CB0DC76D2B946C2B00DB0A8C /* Preview Assets.xcassets */,
			);
			path = "Preview Content";
			sourceTree = "<group>";
		};
		CB0DC7762B946C2B00DB0A8C /* FitFlexerTests */ = {
			isa = PBXGroup;
			children = (
				CB0DC7772B946C2B00DB0A8C /* FitFlexerTests.swift */,
			);
			path = FitFlexerTests;
			sourceTree = "<group>";
		};
		CB0DC7802B946C2B00DB0A8C /* FitFlexerUITests */ = {
			isa = PBXGroup;
			children = (
				CB0DC7812B946C2B00DB0A8C /* FitFlexerUITests.swift */,
				CB0DC7832B946C2B00DB0A8C /* FitFlexerUITestsLaunchTests.swift */,
			);
			path = FitFlexerUITests;
			sourceTree = "<group>";
		};
		CB0DC7922B95462400DB0A8C /* MainInterface */ = {
			isa = PBXGroup;
			children = (
				CB0DC7932B95463A00DB0A8C /* Components */,
				CB0DC7902B95450700DB0A8C /* MainInterface.swift */,
			);
			path = MainInterface;
			sourceTree = "<group>";
		};
		CB0DC7932B95463A00DB0A8C /* Components */ = {
			isa = PBXGroup;
			children = (
				CB8BE5092B9AD47300958B51 /* OverViewModule */,
				CB7CE6BD2BA3A34200235DB1 /* Header.swift */,
			);
			path = Components;
			sourceTree = "<group>";
		};
		CB6538582BAB962A0097DBAF /* ViewAssets */ = {
			isa = PBXGroup;
			children = (
				CB8BE5062B9A59E000958B51 /* myDivider.swift */,
				CB0DC79A2B9590B800DB0A8C /* RoundedCornerShapeExtensions.swift */,
				CB0DC7962B9581AB00DB0A8C /* Constants.swift */,
			);
			path = ViewAssets;
			sourceTree = "<group>";
		};
		CB6538592BABA5D90097DBAF /* UserModel */ = {
			isa = PBXGroup;
			children = (
				CB65385A2BABA5E50097DBAF /* UserModel.swift */,
			);
			path = UserModel;
			sourceTree = "<group>";
		};
		CB77F2AE2B9784F8004722FC /* PoundsTimeInterval */ = {
			isa = PBXGroup;
			children = (
				CB77F2AC2B978356004722FC /* PoundsTimeIntervalSelectionView.swift */,
				CB77F2AF2B978518004722FC /* PoundsTimeIntervalModel.swift */,
			);
			path = PoundsTimeInterval;
			sourceTree = "<group>";
		};
		CB7CE6B42B9EE03800235DB1 /* ChartView */ = {
			isa = PBXGroup;
			children = (
				CB6538562BAAC06B0097DBAF /* GenericDataModel.swift */,
				CB7CE6B52B9EE09300235DB1 /* ChartDataView.swift */,
				CB7CE6B72B9EE6E300235DB1 /* DataModel.swift */,
				CB7CE6BB2BA189FB00235DB1 /* ChartModule.swift */,
			);
			path = ChartView;
			sourceTree = "<group>";
		};
		CB7CE6C02BA3FFCC00235DB1 /* WorkoutView */ = {
			isa = PBXGroup;
			children = (
				CB7CE6C12BA400FC00235DB1 /* WorkoutVIew.swift */,
				CB7CE6C32BA41AC900235DB1 /* WorkoutViewHeader.swift */,
			);
			path = WorkoutView;
			sourceTree = "<group>";
		};
		CB8BE5082B9AD46A00958B51 /* Components */ = {
			isa = PBXGroup;
			children = (
				CB77F2AE2B9784F8004722FC /* PoundsTimeInterval */,
			);
			path = Components;
			sourceTree = "<group>";
		};
		CB8BE5092B9AD47300958B51 /* OverViewModule */ = {
			isa = PBXGroup;
			children = (
				CB8BE5082B9AD46A00958B51 /* Components */,
				CB0DC7942B95473F00DB0A8C /* OverViewComponent.swift */,
			);
			path = OverViewModule;
			sourceTree = "<group>";
		};
		CBCB49452BA5924D00DA7AB4 /* WorkoutRoutineDataModles */ = {
			isa = PBXGroup;
			children = (
				CBCB49462BA5926D00DA7AB4 /* WorkoutModel.swift */,
				CBCB49482BA5927700DA7AB4 /* RoutineModel.swift */,
				CB65384A2BAAAF290097DBAF /* ExerciseModel.swift */,
				CB6538552BAAB93A0097DBAF /* WorkoutRoutineDataReadMe.md */,
			);
			path = WorkoutRoutineDataModles;
			sourceTree = "<group>";
		};
/* End PBXGroup section */

/* Begin PBXNativeTarget section */
		CB0DC7622B946C2A00DB0A8C /* FitFlexer */ = {
			isa = PBXNativeTarget;
			buildConfigurationList = CB0DC7872B946C2B00DB0A8C /* Build configuration list for PBXNativeTarget "FitFlexer" */;
			buildPhases = (
				CB0DC75F2B946C2A00DB0A8C /* Sources */,
				CB0DC7602B946C2A00DB0A8C /* Frameworks */,
				CB0DC7612B946C2A00DB0A8C /* Resources */,
			);
			buildRules = (
			);
			dependencies = (
			);
			name = FitFlexer;
			productName = FitFlexer;
			productReference = CB0DC7632B946C2A00DB0A8C /* FitFlexer.app */;
			productType = "com.apple.product-type.application";
		};
		CB0DC7722B946C2B00DB0A8C /* FitFlexerTests */ = {
			isa = PBXNativeTarget;
			buildConfigurationList = CB0DC78A2B946C2B00DB0A8C /* Build configuration list for PBXNativeTarget "FitFlexerTests" */;
			buildPhases = (
				CB0DC76F2B946C2B00DB0A8C /* Sources */,
				CB0DC7702B946C2B00DB0A8C /* Frameworks */,
				CB0DC7712B946C2B00DB0A8C /* Resources */,
			);
			buildRules = (
			);
			dependencies = (
				CB0DC7752B946C2B00DB0A8C /* PBXTargetDependency */,
			);
			name = FitFlexerTests;
			productName = FitFlexerTests;
			productReference = CB0DC7732B946C2B00DB0A8C /* FitFlexerTests.xctest */;
			productType = "com.apple.product-type.bundle.unit-test";
		};
		CB0DC77C2B946C2B00DB0A8C /* FitFlexerUITests */ = {
			isa = PBXNativeTarget;
			buildConfigurationList = CB0DC78D2B946C2B00DB0A8C /* Build configuration list for PBXNativeTarget "FitFlexerUITests" */;
			buildPhases = (
				CB0DC7792B946C2B00DB0A8C /* Sources */,
				CB0DC77A2B946C2B00DB0A8C /* Frameworks */,
				CB0DC77B2B946C2B00DB0A8C /* Resources */,
			);
			buildRules = (
			);
			dependencies = (
				CB0DC77F2B946C2B00DB0A8C /* PBXTargetDependency */,
			);
			name = FitFlexerUITests;
			productName = FitFlexerUITests;
			productReference = CB0DC77D2B946C2B00DB0A8C /* FitFlexerUITests.xctest */;
			productType = "com.apple.product-type.bundle.ui-testing";
		};
/* End PBXNativeTarget section */

/* Begin PBXProject section */
		CB0DC75B2B946C2900DB0A8C /* Project object */ = {
			isa = PBXProject;
			attributes = {
				BuildIndependentTargetsInParallel = 1;
				LastSwiftUpdateCheck = 1520;
				LastUpgradeCheck = 1520;
				TargetAttributes = {
					CB0DC7622B946C2A00DB0A8C = {
						CreatedOnToolsVersion = 15.2;
					};
					CB0DC7722B946C2B00DB0A8C = {
						CreatedOnToolsVersion = 15.2;
						TestTargetID = CB0DC7622B946C2A00DB0A8C;
					};
					CB0DC77C2B946C2B00DB0A8C = {
						CreatedOnToolsVersion = 15.2;
						TestTargetID = CB0DC7622B946C2A00DB0A8C;
					};
				};
			};
			buildConfigurationList = CB0DC75E2B946C2900DB0A8C /* Build configuration list for PBXProject "FitFlexer" */;
			compatibilityVersion = "Xcode 14.0";
			developmentRegion = en;
			hasScannedForEncodings = 0;
			knownRegions = (
				en,
				Base,
			);
			mainGroup = CB0DC75A2B946C2900DB0A8C;
			productRefGroup = CB0DC7642B946C2A00DB0A8C /* Products */;
			projectDirPath = "";
			projectRoot = "";
			targets = (
				CB0DC7622B946C2A00DB0A8C /* FitFlexer */,
				CB0DC7722B946C2B00DB0A8C /* FitFlexerTests */,
				CB0DC77C2B946C2B00DB0A8C /* FitFlexerUITests */,
			);
		};
/* End PBXProject section */

/* Begin PBXResourcesBuildPhase section */
		CB0DC7612B946C2A00DB0A8C /* Resources */ = {
			isa = PBXResourcesBuildPhase;
			buildActionMask = 2147483647;
			files = (
				CB0DC76E2B946C2B00DB0A8C /* Preview Assets.xcassets in Resources */,
				CB0DC76B2B946C2B00DB0A8C /* Assets.xcassets in Resources */,
				CB396C792BABE23A002824B9 /* GoogleService-Info.plist in Resources */,
			);
			runOnlyForDeploymentPostprocessing = 0;
		};
		CB0DC7712B946C2B00DB0A8C /* Resources */ = {
			isa = PBXResourcesBuildPhase;
			buildActionMask = 2147483647;
			files = (
				CB396C7A2BABE23A002824B9 /* GoogleService-Info.plist in Resources */,
			);
			runOnlyForDeploymentPostprocessing = 0;
		};
		CB0DC77B2B946C2B00DB0A8C /* Resources */ = {
			isa = PBXResourcesBuildPhase;
			buildActionMask = 2147483647;
			files = (
				CB396C7B2BABE23A002824B9 /* GoogleService-Info.plist in Resources */,
			);
			runOnlyForDeploymentPostprocessing = 0;
		};
/* End PBXResourcesBuildPhase section */

/* Begin PBXSourcesBuildPhase section */
		CB0DC75F2B946C2A00DB0A8C /* Sources */ = {
			isa = PBXSourcesBuildPhase;
			buildActionMask = 2147483647;
			files = (
				CB7CE6BC2BA189FB00235DB1 /* ChartModule.swift in Sources */,
				CBCB49472BA5926D00DA7AB4 /* WorkoutModel.swift in Sources */,
				CB7CE6BE2BA3A34200235DB1 /* Header.swift in Sources */,
				CB7CE6C22BA400FC00235DB1 /* WorkoutVIew.swift in Sources */,
				CBCB49492BA5927700DA7AB4 /* RoutineModel.swift in Sources */,
				CB7CE6C42BA41AC900235DB1 /* WorkoutViewHeader.swift in Sources */,
				CB8BE5072B9A59E000958B51 /* myDivider.swift in Sources */,
				CB7CE6B62B9EE09300235DB1 /* ChartDataView.swift in Sources */,
				CB65384B2BAAAF290097DBAF /* ExerciseModel.swift in Sources */,
				CB7CE6B82B9EE6E300235DB1 /* DataModel.swift in Sources */,
				CB77F2B02B978518004722FC /* PoundsTimeIntervalModel.swift in Sources */,
				CB6538572BAAC06B0097DBAF /* GenericDataModel.swift in Sources */,
				CB0DC7972B9581AB00DB0A8C /* Constants.swift in Sources */,
				CB0DC79B2B9590B800DB0A8C /* RoundedCornerShapeExtensions.swift in Sources */,
				CB0DC7952B95473F00DB0A8C /* OverViewComponent.swift in Sources */,
				CB65385B2BABA5E50097DBAF /* UserModel.swift in Sources */,
				CB77F2AD2B978356004722FC /* PoundsTimeIntervalSelectionView.swift in Sources */,
				CB0DC7912B95450700DB0A8C /* MainInterface.swift in Sources */,
				CB0DC7672B946C2A00DB0A8C /* FitFlexerApp.swift in Sources */,
			);
			runOnlyForDeploymentPostprocessing = 0;
		};
		CB0DC76F2B946C2B00DB0A8C /* Sources */ = {
			isa = PBXSourcesBuildPhase;
			buildActionMask = 2147483647;
			files = (
				CB0DC7782B946C2B00DB0A8C /* FitFlexerTests.swift in Sources */,
			);
			runOnlyForDeploymentPostprocessing = 0;
		};
		CB0DC7792B946C2B00DB0A8C /* Sources */ = {
			isa = PBXSourcesBuildPhase;
			buildActionMask = 2147483647;
			files = (
				CB0DC7842B946C2B00DB0A8C /* FitFlexerUITestsLaunchTests.swift in Sources */,
				CB0DC7822B946C2B00DB0A8C /* FitFlexerUITests.swift in Sources */,
			);
			runOnlyForDeploymentPostprocessing = 0;
		};
/* End PBXSourcesBuildPhase section */

/* Begin PBXTargetDependency section */
		CB0DC7752B946C2B00DB0A8C /* PBXTargetDependency */ = {
			isa = PBXTargetDependency;
			target = CB0DC7622B946C2A00DB0A8C /* FitFlexer */;
			targetProxy = CB0DC7742B946C2B00DB0A8C /* PBXContainerItemProxy */;
		};
		CB0DC77F2B946C2B00DB0A8C /* PBXTargetDependency */ = {
			isa = PBXTargetDependency;
			target = CB0DC7622B946C2A00DB0A8C /* FitFlexer */;
			targetProxy = CB0DC77E2B946C2B00DB0A8C /* PBXContainerItemProxy */;
		};
/* End PBXTargetDependency section */

/* Begin XCBuildConfiguration section */
		CB0DC7852B946C2B00DB0A8C /* Debug */ = {
			isa = XCBuildConfiguration;
			buildSettings = {
				ALWAYS_SEARCH_USER_PATHS = NO;
				ASSETCATALOG_COMPILER_GENERATE_SWIFT_ASSET_SYMBOL_EXTENSIONS = YES;
				CLANG_ANALYZER_NONNULL = YES;
				CLANG_ANALYZER_NUMBER_OBJECT_CONVERSION = YES_AGGRESSIVE;
				CLANG_CXX_LANGUAGE_STANDARD = "gnu++20";
				CLANG_ENABLE_MODULES = YES;
				CLANG_ENABLE_OBJC_ARC = YES;
				CLANG_ENABLE_OBJC_WEAK = YES;
				CLANG_WARN_BLOCK_CAPTURE_AUTORELEASING = YES;
				CLANG_WARN_BOOL_CONVERSION = YES;
				CLANG_WARN_COMMA = YES;
				CLANG_WARN_CONSTANT_CONVERSION = YES;
				CLANG_WARN_DEPRECATED_OBJC_IMPLEMENTATIONS = YES;
				CLANG_WARN_DIRECT_OBJC_ISA_USAGE = YES_ERROR;
				CLANG_WARN_DOCUMENTATION_COMMENTS = YES;
				CLANG_WARN_EMPTY_BODY = YES;
				CLANG_WARN_ENUM_CONVERSION = YES;
				CLANG_WARN_INFINITE_RECURSION = YES;
				CLANG_WARN_INT_CONVERSION = YES;
				CLANG_WARN_NON_LITERAL_NULL_CONVERSION = YES;
				CLANG_WARN_OBJC_IMPLICIT_RETAIN_SELF = YES;
				CLANG_WARN_OBJC_LITERAL_CONVERSION = YES;
				CLANG_WARN_OBJC_ROOT_CLASS = YES_ERROR;
				CLANG_WARN_QUOTED_INCLUDE_IN_FRAMEWORK_HEADER = YES;
				CLANG_WARN_RANGE_LOOP_ANALYSIS = YES;
				CLANG_WARN_STRICT_PROTOTYPES = YES;
				CLANG_WARN_SUSPICIOUS_MOVE = YES;
				CLANG_WARN_UNGUARDED_AVAILABILITY = YES_AGGRESSIVE;
				CLANG_WARN_UNREACHABLE_CODE = YES;
				CLANG_WARN__DUPLICATE_METHOD_MATCH = YES;
				COPY_PHASE_STRIP = NO;
				DEBUG_INFORMATION_FORMAT = dwarf;
				ENABLE_STRICT_OBJC_MSGSEND = YES;
				ENABLE_TESTABILITY = YES;
				ENABLE_USER_SCRIPT_SANDBOXING = YES;
				GCC_C_LANGUAGE_STANDARD = gnu17;
				GCC_DYNAMIC_NO_PIC = NO;
				GCC_NO_COMMON_BLOCKS = YES;
				GCC_OPTIMIZATION_LEVEL = 0;
				GCC_PREPROCESSOR_DEFINITIONS = (
					"DEBUG=1",
					"$(inherited)",
				);
				GCC_WARN_64_TO_32_BIT_CONVERSION = YES;
				GCC_WARN_ABOUT_RETURN_TYPE = YES_ERROR;
				GCC_WARN_UNDECLARED_SELECTOR = YES;
				GCC_WARN_UNINITIALIZED_AUTOS = YES_AGGRESSIVE;
				GCC_WARN_UNUSED_FUNCTION = YES;
				GCC_WARN_UNUSED_VARIABLE = YES;
				IPHONEOS_DEPLOYMENT_TARGET = 17.2;
				LOCALIZATION_PREFERS_STRING_CATALOGS = YES;
				MTL_ENABLE_DEBUG_INFO = INCLUDE_SOURCE;
				MTL_FAST_MATH = YES;
				ONLY_ACTIVE_ARCH = YES;
				SDKROOT = iphoneos;
				SWIFT_ACTIVE_COMPILATION_CONDITIONS = "DEBUG $(inherited)";
				SWIFT_OPTIMIZATION_LEVEL = "-Onone";
			};
			name = Debug;
		};
		CB0DC7862B946C2B00DB0A8C /* Release */ = {
			isa = XCBuildConfiguration;
			buildSettings = {
				ALWAYS_SEARCH_USER_PATHS = NO;
				ASSETCATALOG_COMPILER_GENERATE_SWIFT_ASSET_SYMBOL_EXTENSIONS = YES;
				CLANG_ANALYZER_NONNULL = YES;
				CLANG_ANALYZER_NUMBER_OBJECT_CONVERSION = YES_AGGRESSIVE;
				CLANG_CXX_LANGUAGE_STANDARD = "gnu++20";
				CLANG_ENABLE_MODULES = YES;
				CLANG_ENABLE_OBJC_ARC = YES;
				CLANG_ENABLE_OBJC_WEAK = YES;
				CLANG_WARN_BLOCK_CAPTURE_AUTORELEASING = YES;
				CLANG_WARN_BOOL_CONVERSION = YES;
				CLANG_WARN_COMMA = YES;
				CLANG_WARN_CONSTANT_CONVERSION = YES;
				CLANG_WARN_DEPRECATED_OBJC_IMPLEMENTATIONS = YES;
				CLANG_WARN_DIRECT_OBJC_ISA_USAGE = YES_ERROR;
				CLANG_WARN_DOCUMENTATION_COMMENTS = YES;
				CLANG_WARN_EMPTY_BODY = YES;
				CLANG_WARN_ENUM_CONVERSION = YES;
				CLANG_WARN_INFINITE_RECURSION = YES;
				CLANG_WARN_INT_CONVERSION = YES;
				CLANG_WARN_NON_LITERAL_NULL_CONVERSION = YES;
				CLANG_WARN_OBJC_IMPLICIT_RETAIN_SELF = YES;
				CLANG_WARN_OBJC_LITERAL_CONVERSION = YES;
				CLANG_WARN_OBJC_ROOT_CLASS = YES_ERROR;
				CLANG_WARN_QUOTED_INCLUDE_IN_FRAMEWORK_HEADER = YES;
				CLANG_WARN_RANGE_LOOP_ANALYSIS = YES;
				CLANG_WARN_STRICT_PROTOTYPES = YES;
				CLANG_WARN_SUSPICIOUS_MOVE = YES;
				CLANG_WARN_UNGUARDED_AVAILABILITY = YES_AGGRESSIVE;
				CLANG_WARN_UNREACHABLE_CODE = YES;
				CLANG_WARN__DUPLICATE_METHOD_MATCH = YES;
				COPY_PHASE_STRIP = NO;
				DEBUG_INFORMATION_FORMAT = "dwarf-with-dsym";
				ENABLE_NS_ASSERTIONS = NO;
				ENABLE_STRICT_OBJC_MSGSEND = YES;
				ENABLE_USER_SCRIPT_SANDBOXING = YES;
				GCC_C_LANGUAGE_STANDARD = gnu17;
				GCC_NO_COMMON_BLOCKS = YES;
				GCC_WARN_64_TO_32_BIT_CONVERSION = YES;
				GCC_WARN_ABOUT_RETURN_TYPE = YES_ERROR;
				GCC_WARN_UNDECLARED_SELECTOR = YES;
				GCC_WARN_UNINITIALIZED_AUTOS = YES_AGGRESSIVE;
				GCC_WARN_UNUSED_FUNCTION = YES;
				GCC_WARN_UNUSED_VARIABLE = YES;
				IPHONEOS_DEPLOYMENT_TARGET = 17.2;
				LOCALIZATION_PREFERS_STRING_CATALOGS = YES;
				MTL_ENABLE_DEBUG_INFO = NO;
				MTL_FAST_MATH = YES;
				SDKROOT = iphoneos;
				SWIFT_COMPILATION_MODE = wholemodule;
				VALIDATE_PRODUCT = YES;
			};
			name = Release;
		};
		CB0DC7882B946C2B00DB0A8C /* Debug */ = {
			isa = XCBuildConfiguration;
			buildSettings = {
				ASSETCATALOG_COMPILER_APPICON_NAME = AppIcon;
				ASSETCATALOG_COMPILER_GLOBAL_ACCENT_COLOR_NAME = AccentColor;
				CODE_SIGN_STYLE = Automatic;
				CURRENT_PROJECT_VERSION = 1;
				DEVELOPMENT_ASSET_PATHS = "\"FitFlexer/Preview Content\"";
				DEVELOPMENT_TEAM = 4H7C7Q6529;
				ENABLE_PREVIEWS = YES;
				GENERATE_INFOPLIST_FILE = YES;
				INFOPLIST_KEY_UIApplicationSceneManifest_Generation = YES;
				INFOPLIST_KEY_UIApplicationSupportsIndirectInputEvents = YES;
				INFOPLIST_KEY_UILaunchScreen_Generation = YES;
				INFOPLIST_KEY_UISupportedInterfaceOrientations_iPad = "UIInterfaceOrientationPortrait UIInterfaceOrientationPortraitUpsideDown UIInterfaceOrientationLandscapeLeft UIInterfaceOrientationLandscapeRight";
				INFOPLIST_KEY_UISupportedInterfaceOrientations_iPhone = "UIInterfaceOrientationPortrait UIInterfaceOrientationLandscapeLeft UIInterfaceOrientationLandscapeRight";
				LD_RUNPATH_SEARCH_PATHS = (
					"$(inherited)",
					"@executable_path/Frameworks",
				);
				MARKETING_VERSION = 1.0;
				PRODUCT_BUNDLE_IDENTIFIER = com.TheFitFlexer.FitFlexer;
				PRODUCT_NAME = "$(TARGET_NAME)";
				SWIFT_EMIT_LOC_STRINGS = YES;
				SWIFT_VERSION = 5.0;
				TARGETED_DEVICE_FAMILY = "1,2";
			};
			name = Debug;
		};
		CB0DC7892B946C2B00DB0A8C /* Release */ = {
			isa = XCBuildConfiguration;
			buildSettings = {
				ASSETCATALOG_COMPILER_APPICON_NAME = AppIcon;
				ASSETCATALOG_COMPILER_GLOBAL_ACCENT_COLOR_NAME = AccentColor;
				CODE_SIGN_STYLE = Automatic;
				CURRENT_PROJECT_VERSION = 1;
				DEVELOPMENT_ASSET_PATHS = "\"FitFlexer/Preview Content\"";
				DEVELOPMENT_TEAM = 4H7C7Q6529;
				ENABLE_PREVIEWS = YES;
				GENERATE_INFOPLIST_FILE = YES;
				INFOPLIST_KEY_UIApplicationSceneManifest_Generation = YES;
				INFOPLIST_KEY_UIApplicationSupportsIndirectInputEvents = YES;
				INFOPLIST_KEY_UILaunchScreen_Generation = YES;
				INFOPLIST_KEY_UISupportedInterfaceOrientations_iPad = "UIInterfaceOrientationPortrait UIInterfaceOrientationPortraitUpsideDown UIInterfaceOrientationLandscapeLeft UIInterfaceOrientationLandscapeRight";
				INFOPLIST_KEY_UISupportedInterfaceOrientations_iPhone = "UIInterfaceOrientationPortrait UIInterfaceOrientationLandscapeLeft UIInterfaceOrientationLandscapeRight";
				LD_RUNPATH_SEARCH_PATHS = (
					"$(inherited)",
					"@executable_path/Frameworks",
				);
				MARKETING_VERSION = 1.0;
				PRODUCT_BUNDLE_IDENTIFIER = com.TheFitFlexer.FitFlexer;
				PRODUCT_NAME = "$(TARGET_NAME)";
				SWIFT_EMIT_LOC_STRINGS = YES;
				SWIFT_VERSION = 5.0;
				TARGETED_DEVICE_FAMILY = "1,2";
			};
			name = Release;
		};
		CB0DC78B2B946C2B00DB0A8C /* Debug */ = {
			isa = XCBuildConfiguration;
			buildSettings = {
				ALWAYS_EMBED_SWIFT_STANDARD_LIBRARIES = YES;
				BUNDLE_LOADER = "$(TEST_HOST)";
				CODE_SIGN_STYLE = Automatic;
				CURRENT_PROJECT_VERSION = 1;
				DEVELOPMENT_TEAM = 4H7C7Q6529;
				GENERATE_INFOPLIST_FILE = YES;
				IPHONEOS_DEPLOYMENT_TARGET = 17.2;
				MARKETING_VERSION = 1.0;
				PRODUCT_BUNDLE_IDENTIFIER = com.TheFitFlexer.FitFlexerTests;
				PRODUCT_NAME = "$(TARGET_NAME)";
				SWIFT_EMIT_LOC_STRINGS = NO;
				SWIFT_VERSION = 5.0;
				TARGETED_DEVICE_FAMILY = "1,2";
				TEST_HOST = "$(BUILT_PRODUCTS_DIR)/FitFlexer.app/$(BUNDLE_EXECUTABLE_FOLDER_PATH)/FitFlexer";
			};
			name = Debug;
		};
		CB0DC78C2B946C2B00DB0A8C /* Release */ = {
			isa = XCBuildConfiguration;
			buildSettings = {
				ALWAYS_EMBED_SWIFT_STANDARD_LIBRARIES = YES;
				BUNDLE_LOADER = "$(TEST_HOST)";
				CODE_SIGN_STYLE = Automatic;
				CURRENT_PROJECT_VERSION = 1;
				DEVELOPMENT_TEAM = 4H7C7Q6529;
				GENERATE_INFOPLIST_FILE = YES;
				IPHONEOS_DEPLOYMENT_TARGET = 17.2;
				MARKETING_VERSION = 1.0;
				PRODUCT_BUNDLE_IDENTIFIER = com.TheFitFlexer.FitFlexerTests;
				PRODUCT_NAME = "$(TARGET_NAME)";
				SWIFT_EMIT_LOC_STRINGS = NO;
				SWIFT_VERSION = 5.0;
				TARGETED_DEVICE_FAMILY = "1,2";
				TEST_HOST = "$(BUILT_PRODUCTS_DIR)/FitFlexer.app/$(BUNDLE_EXECUTABLE_FOLDER_PATH)/FitFlexer";
			};
			name = Release;
		};
		CB0DC78E2B946C2B00DB0A8C /* Debug */ = {
			isa = XCBuildConfiguration;
			buildSettings = {
				ALWAYS_EMBED_SWIFT_STANDARD_LIBRARIES = YES;
				CODE_SIGN_STYLE = Automatic;
				CURRENT_PROJECT_VERSION = 1;
				DEVELOPMENT_TEAM = 4H7C7Q6529;
				GENERATE_INFOPLIST_FILE = YES;
				MARKETING_VERSION = 1.0;
				PRODUCT_BUNDLE_IDENTIFIER = com.TheFitFlexer.FitFlexerUITests;
				PRODUCT_NAME = "$(TARGET_NAME)";
				SWIFT_EMIT_LOC_STRINGS = NO;
				SWIFT_VERSION = 5.0;
				TARGETED_DEVICE_FAMILY = "1,2";
				TEST_TARGET_NAME = FitFlexer;
			};
			name = Debug;
		};
		CB0DC78F2B946C2B00DB0A8C /* Release */ = {
			isa = XCBuildConfiguration;
			buildSettings = {
				ALWAYS_EMBED_SWIFT_STANDARD_LIBRARIES = YES;
				CODE_SIGN_STYLE = Automatic;
				CURRENT_PROJECT_VERSION = 1;
				DEVELOPMENT_TEAM = 4H7C7Q6529;
				GENERATE_INFOPLIST_FILE = YES;
				MARKETING_VERSION = 1.0;
				PRODUCT_BUNDLE_IDENTIFIER = com.TheFitFlexer.FitFlexerUITests;
				PRODUCT_NAME = "$(TARGET_NAME)";
				SWIFT_EMIT_LOC_STRINGS = NO;
				SWIFT_VERSION = 5.0;
				TARGETED_DEVICE_FAMILY = "1,2";
				TEST_TARGET_NAME = FitFlexer;
			};
			name = Release;
		};
/* End XCBuildConfiguration section */

/* Begin XCConfigurationList section */
		CB0DC75E2B946C2900DB0A8C /* Build configuration list for PBXProject "FitFlexer" */ = {
			isa = XCConfigurationList;
			buildConfigurations = (
				CB0DC7852B946C2B00DB0A8C /* Debug */,
				CB0DC7862B946C2B00DB0A8C /* Release */,
			);
			defaultConfigurationIsVisible = 0;
			defaultConfigurationName = Release;
		};
		CB0DC7872B946C2B00DB0A8C /* Build configuration list for PBXNativeTarget "FitFlexer" */ = {
			isa = XCConfigurationList;
			buildConfigurations = (
				CB0DC7882B946C2B00DB0A8C /* Debug */,
				CB0DC7892B946C2B00DB0A8C /* Release */,
			);
			defaultConfigurationIsVisible = 0;
			defaultConfigurationName = Release;
		};
		CB0DC78A2B946C2B00DB0A8C /* Build configuration list for PBXNativeTarget "FitFlexerTests" */ = {
			isa = XCConfigurationList;
			buildConfigurations = (
				CB0DC78B2B946C2B00DB0A8C /* Debug */,
				CB0DC78C2B946C2B00DB0A8C /* Release */,
			);
			defaultConfigurationIsVisible = 0;
			defaultConfigurationName = Release;
		};
		CB0DC78D2B946C2B00DB0A8C /* Build configuration list for PBXNativeTarget "FitFlexerUITests" */ = {
			isa = XCConfigurationList;
			buildConfigurations = (
				CB0DC78E2B946C2B00DB0A8C /* Debug */,
				CB0DC78F2B946C2B00DB0A8C /* Release */,
			);
			defaultConfigurationIsVisible = 0;
			defaultConfigurationName = Release;
		};
/* End XCConfigurationList section */
	};
	rootObject = CB0DC75B2B946C2900DB0A8C /* Project object */;
}
